
Microsoft Visual Studio Solution File, Format Version 12.00
# Visual Studio 15
VisualStudioVersion = 15.0.26124.0
MinimumVisualStudioVersion = 15.0.26124.0
Project("{FAE04EC0-301F-11D3-BF4B-00C04F79EFBC}") = "BLL", "BLL\BLL.csproj", "{7D8C2261-D80A-4874-BC21-3A4146EDE5E9}"
EndProject
Project("{FAE04EC0-301F-11D3-BF4B-00C04F79EFBC}") = "DAL", "DAL\DAL.csproj", "{AB1111FA-DC89-4937-91EF-3680153B1050}"
EndProject
Project("{FAE04EC0-301F-11D3-BF4B-00C04F79EFBC}") = "DTO", "DTO\DTO.csproj", "{5CC01E08-80B3-4FC8-AF44-4C6EDF156888}"
EndProject
Project("{2150E333-8FDC-42A3-9474-1A3956D46DE8}") = "Assets", "Assets", "{EA98F738-1F8D-4696-9F1F-B4CC9ADFA4B3}"
ProjectSection(SolutionItems) = preProject
	ERD.png = ERD.png
EndProjectSection
EndProject
Project("{FAE04EC0-301F-11D3-BF4B-00C04F79EFBC}") = "WebApp", "WebApp\WebApp.csproj", "{C66BB4C4-F521-4F80-BF98-0F544B8E9D30}"
EndProject
Global
	GlobalSection(SolutionConfigurationPlatforms) = preSolution
		Debug|Any CPU = Debug|Any CPU
		Debug|x64 = Debug|x64
		Debug|x86 = Debug|x86
		Release|Any CPU = Release|Any CPU
		Release|x64 = Release|x64
		Release|x86 = Release|x86
	EndGlobalSection
	GlobalSection(SolutionProperties) = preSolution
		HideSolutionNode = FALSE
	EndGlobalSection
	GlobalSection(ProjectConfigurationPlatforms) = postSolution
		{7D8C2261-D80A-4874-BC21-3A4146EDE5E9}.Debug|Any CPU.ActiveCfg = Debug|Any CPU
		{7D8C2261-D80A-4874-BC21-3A4146EDE5E9}.Debug|Any CPU.Build.0 = Debug|Any CPU
		{7D8C2261-D80A-4874-BC21-3A4146EDE5E9}.Debug|x64.ActiveCfg = Debug|Any CPU
		{7D8C2261-D80A-4874-BC21-3A4146EDE5E9}.Debug|x64.Build.0 = Debug|Any CPU
		{7D8C2261-D80A-4874-BC21-3A4146EDE5E9}.Debug|x86.ActiveCfg = Debug|Any CPU
		{7D8C2261-D80A-4874-BC21-3A4146EDE5E9}.Debug|x86.Build.0 = Debug|Any CPU
		{7D8C2261-D80A-4874-BC21-3A4146EDE5E9}.Release|Any CPU.ActiveCfg = Release|Any CPU
		{7D8C2261-D80A-4874-BC21-3A4146EDE5E9}.Release|Any CPU.Build.0 = Release|Any CPU
		{7D8C2261-D80A-4874-BC21-3A4146EDE5E9}.Release|x64.ActiveCfg = Release|Any CPU
		{7D8C2261-D80A-4874-BC21-3A4146EDE5E9}.Release|x64.Build.0 = Release|Any CPU
		{7D8C2261-D80A-4874-BC21-3A4146EDE5E9}.Release|x86.ActiveCfg = Release|Any CPU
		{7D8C2261-D80A-4874-BC21-3A4146EDE5E9}.Release|x86.Build.0 = Release|Any CPU
		{AB1111FA-DC89-4937-91EF-3680153B1050}.Debug|Any CPU.ActiveCfg = Debug|Any CPU
		{AB1111FA-DC89-4937-91EF-3680153B1050}.Debug|Any CPU.Build.0 = Debug|Any CPU
		{AB1111FA-DC89-4937-91EF-3680153B1050}.Debug|x64.ActiveCfg = Debug|Any CPU
		{AB1111FA-DC89-4937-91EF-3680153B1050}.Debug|x64.Build.0 = Debug|Any CPU
		{AB1111FA-DC89-4937-91EF-3680153B1050}.Debug|x86.ActiveCfg = Debug|Any CPU
		{AB1111FA-DC89-4937-91EF-3680153B1050}.Debug|x86.Build.0 = Debug|Any CPU
		{AB1111FA-DC89-4937-91EF-3680153B1050}.Release|Any CPU.ActiveCfg = Release|Any CPU
		{AB1111FA-DC89-4937-91EF-3680153B1050}.Release|Any CPU.Build.0 = Release|Any CPU
		{AB1111FA-DC89-4937-91EF-3680153B1050}.Release|x64.ActiveCfg = Release|Any CPU
		{AB1111FA-DC89-4937-91EF-3680153B1050}.Release|x64.Build.0 = Release|Any CPU
		{AB1111FA-DC89-4937-91EF-3680153B1050}.Release|x86.ActiveCfg = Release|Any CPU
		{AB1111FA-DC89-4937-91EF-3680153B1050}.Release|x86.Build.0 = Release|Any CPU
		{5CC01E08-80B3-4FC8-AF44-4C6EDF156888}.Debug|Any CPU.ActiveCfg = Debug|Any CPU
		{5CC01E08-80B3-4FC8-AF44-4C6EDF156888}.Debug|Any CPU.Build.0 = Debug|Any CPU
		{5CC01E08-80B3-4FC8-AF44-4C6EDF156888}.Debug|x64.ActiveCfg = Debug|Any CPU
		{5CC01E08-80B3-4FC8-AF44-4C6EDF156888}.Debug|x64.Build.0 = Debug|Any CPU
		{5CC01E08-80B3-4FC8-AF44-4C6EDF156888}.Debug|x86.ActiveCfg = Debug|Any CPU
		{5CC01E08-80B3-4FC8-AF44-4C6EDF156888}.Debug|x86.Build.0 = Debug|Any CPU
		{5CC01E08-80B3-4FC8-AF44-4C6EDF156888}.Release|Any CPU.ActiveCfg = Release|Any CPU
		{5CC01E08-80B3-4FC8-AF44-4C6EDF156888}.Release|Any CPU.Build.0 = Release|Any CPU
		{5CC01E08-80B3-4FC8-AF44-4C6EDF156888}.Release|x64.ActiveCfg = Release|Any CPU
		{5CC01E08-80B3-4FC8-AF44-4C6EDF156888}.Release|x64.Build.0 = Release|Any CPU
		{5CC01E08-80B3-4FC8-AF44-4C6EDF156888}.Release|x86.ActiveCfg = Release|Any CPU
		{5CC01E08-80B3-4FC8-AF44-4C6EDF156888}.Release|x86.Build.0 = Release|Any CPU
		{C66BB4C4-F521-4F80-BF98-0F544B8E9D30}.Debug|Any CPU.ActiveCfg = Debug|Any CPU
		{C66BB4C4-F521-4F80-BF98-0F544B8E9D30}.Debug|Any CPU.Build.0 = Debug|Any CPU
		{C66BB4C4-F521-4F80-BF98-0F544B8E9D30}.Debug|x64.ActiveCfg = Debug|Any CPU
		{C66BB4C4-F521-4F80-BF98-0F544B8E9D30}.Debug|x64.Build.0 = Debug|Any CPU
		{C66BB4C4-F521-4F80-BF98-0F544B8E9D30}.Debug|x86.ActiveCfg = Debug|Any CPU
		{C66BB4C4-F521-4F80-BF98-0F544B8E9D30}.Debug|x86.Build.0 = Debug|Any CPU
		{C66BB4C4-F521-4F80-BF98-0F544B8E9D30}.Release|Any CPU.ActiveCfg = Release|Any CPU
		{C66BB4C4-F521-4F80-BF98-0F544B8E9D30}.Release|Any CPU.Build.0 = Release|Any CPU
		{C66BB4C4-F521-4F80-BF98-0F544B8E9D30}.Release|x64.ActiveCfg = Release|Any CPU
		{C66BB4C4-F521-4F80-BF98-0F544B8E9D30}.Release|x64.Build.0 = Release|Any CPU
		{C66BB4C4-F521-4F80-BF98-0F544B8E9D30}.Release|x86.ActiveCfg = Release|Any CPU
		{C66BB4C4-F521-4F80-BF98-0F544B8E9D30}.Release|x86.Build.0 = Release|Any CPU
	EndGlobalSection
EndGlobal
